// !$*UTF8*$!
{
	archiveVersion = 1;
	classes = {
	};
	objectVersion = 56;
	objects = {

/* Begin PBXBuildFile section */
		1628BB522A5AFC33004BDB93 /* HistoryViewController.swift in Sources */ = {isa = PBXBuildFile; fileRef = 1628BB512A5AFC33004BDB93 /* HistoryViewController.swift */; };
		4C10676B2A168A9700797AC9 /* RemoveButtonStack.swift in Sources */ = {isa = PBXBuildFile; fileRef = 4C10676A2A168A9700797AC9 /* RemoveButtonStack.swift */; };
		4C17B92B2A02B59B00FA7FB3 /* MainEditorStack.swift in Sources */ = {isa = PBXBuildFile; fileRef = 4C17B92A2A02B59B00FA7FB3 /* MainEditorStack.swift */; };
		4C17B92D2A02B64C00FA7FB3 /* NavigationBarCircleButton.swift in Sources */ = {isa = PBXBuildFile; fileRef = 4C17B92C2A02B64C00FA7FB3 /* NavigationBarCircleButton.swift */; };
		4C389CAA2A128C34003C015F /* String+Ext.swift in Sources */ = {isa = PBXBuildFile; fileRef = 4C389CA92A128C34003C015F /* String+Ext.swift */; };
		4C397F4C2A000CF8006F8D3C /* AppDelegate.swift in Sources */ = {isa = PBXBuildFile; fileRef = 4C397F4B2A000CF8006F8D3C /* AppDelegate.swift */; };
		4C397F4E2A000CF8006F8D3C /* SceneDelegate.swift in Sources */ = {isa = PBXBuildFile; fileRef = 4C397F4D2A000CF8006F8D3C /* SceneDelegate.swift */; };
		4C397F502A000CF8006F8D3C /* EditorViewController.swift in Sources */ = {isa = PBXBuildFile; fileRef = 4C397F4F2A000CF8006F8D3C /* EditorViewController.swift */; };
		4C397F552A000CFA006F8D3C /* Assets.xcassets in Resources */ = {isa = PBXBuildFile; fileRef = 4C397F542A000CFA006F8D3C /* Assets.xcassets */; };
		4C6551E52A1695530059F92A /* PillButtonWithStroke.swift in Sources */ = {isa = PBXBuildFile; fileRef = 4C6551E42A1695530059F92A /* PillButtonWithStroke.swift */; };
		4C8474732A026FD7006F0930 /* EditorNavigationBar.swift in Sources */ = {isa = PBXBuildFile; fileRef = 4C8474722A026FD7006F0930 /* EditorNavigationBar.swift */; };
		4C8474752A027016006F0930 /* NavigationBarLabel.swift in Sources */ = {isa = PBXBuildFile; fileRef = 4C8474742A027016006F0930 /* NavigationBarLabel.swift */; };
		4CA67A162A25054300EACC02 /* EditorMenuItemCellCollectionViewCell.swift in Sources */ = {isa = PBXBuildFile; fileRef = 4CA67A152A25054300EACC02 /* EditorMenuItemCellCollectionViewCell.swift */; };
		4CA67A192A4623F300EACC02 /* EditorStylePickerViewController.swift in Sources */ = {isa = PBXBuildFile; fileRef = 4CA67A182A4623F300EACC02 /* EditorStylePickerViewController.swift */; };
		4CABA4EE2A00111700442908 /* Poppins-Medium.ttf in Resources */ = {isa = PBXBuildFile; fileRef = 4CABA4EC2A00111700442908 /* Poppins-Medium.ttf */; };
		4CABA4EF2A00111700442908 /* Poppins-SemiBold.ttf in Resources */ = {isa = PBXBuildFile; fileRef = 4CABA4ED2A00111700442908 /* Poppins-SemiBold.ttf */; };
		4CABA4F72A00155E00442908 /* TextEditorCapsuleView.swift in Sources */ = {isa = PBXBuildFile; fileRef = 4CABA4F62A00155E00442908 /* TextEditorCapsuleView.swift */; };
		4CABA5012A00157200442908 /* PillLabelsWithStroke.swift in Sources */ = {isa = PBXBuildFile; fileRef = 4CABA4F92A00157200442908 /* PillLabelsWithStroke.swift */; };
		4CABA5022A00157200442908 /* ButtonAndLabelStack.swift in Sources */ = {isa = PBXBuildFile; fileRef = 4CABA4FB2A00157200442908 /* ButtonAndLabelStack.swift */; };
		4CABA5032A00157200442908 /* EditorStackView.swift in Sources */ = {isa = PBXBuildFile; fileRef = 4CABA4FC2A00157200442908 /* EditorStackView.swift */; };
		4CABA5042A00157200442908 /* EditorTextView.swift in Sources */ = {isa = PBXBuildFile; fileRef = 4CABA4FE2A00157200442908 /* EditorTextView.swift */; };
		4CABA5052A00157200442908 /* PillButtonImageWithText.swift in Sources */ = {isa = PBXBuildFile; fileRef = 4CABA5002A00157200442908 /* PillButtonImageWithText.swift */; };
		4CABA5092A0015A200442908 /* UIColor+Ext.swift in Sources */ = {isa = PBXBuildFile; fileRef = 4CABA5082A0015A200442908 /* UIColor+Ext.swift */; };
		4CBAB0772A1D187E00342EAC /* ReplaceTextfieldStack.swift in Sources */ = {isa = PBXBuildFile; fileRef = 4CBAB0762A1D187E00342EAC /* ReplaceTextfieldStack.swift */; };
		4CBAB07A2A1D1B9500342EAC /* PillTextfields.swift in Sources */ = {isa = PBXBuildFile; fileRef = 4CBAB0792A1D1B9500342EAC /* PillTextfields.swift */; };
		4CC56B502A056799006BE7C2 /* TextResultCapsuleView.swift in Sources */ = {isa = PBXBuildFile; fileRef = 4CC56B4F2A056799006BE7C2 /* TextResultCapsuleView.swift */; };
		4CC56B522A057224006BE7C2 /* ResultTextView.swift in Sources */ = {isa = PBXBuildFile; fileRef = 4CC56B512A057224006BE7C2 /* ResultTextView.swift */; };
		4CC56B552A081ADE006BE7C2 /* HistoryAndSettingsTabBar.swift in Sources */ = {isa = PBXBuildFile; fileRef = 4CC56B542A081ADE006BE7C2 /* HistoryAndSettingsTabBar.swift */; };
		4CC56B572A0C1A99006BE7C2 /* TabBarButton.swift in Sources */ = {isa = PBXBuildFile; fileRef = 4CC56B562A0C1A99006BE7C2 /* TabBarButton.swift */; };
		4CF53A702A13ED6D0038E043 /* EditingStyleEnum.swift in Sources */ = {isa = PBXBuildFile; fileRef = 4CF53A6F2A13ED6D0038E043 /* EditingStyleEnum.swift */; };
		4CF53A732A13EDAE0038E043 /* HistoryDataService.swift in Sources */ = {isa = PBXBuildFile; fileRef = 4CF53A722A13EDAE0038E043 /* HistoryDataService.swift */; };
		4CF53A762A13EDD40038E043 /* HistoryItem.swift in Sources */ = {isa = PBXBuildFile; fileRef = 4CF53A752A13EDD40038E043 /* HistoryItem.swift */; };
		4CF53A782A13EE030038E043 /* Date+Ext.swift in Sources */ = {isa = PBXBuildFile; fileRef = 4CF53A772A13EE030038E043 /* Date+Ext.swift */; };
/* End PBXBuildFile section */

/* Begin PBXFileReference section */
		1628BB512A5AFC33004BDB93 /* HistoryViewController.swift */ = {isa = PBXFileReference; lastKnownFileType = sourcecode.swift; path = HistoryViewController.swift; sourceTree = "<group>"; };
		4C10676A2A168A9700797AC9 /* RemoveButtonStack.swift */ = {isa = PBXFileReference; lastKnownFileType = sourcecode.swift; path = RemoveButtonStack.swift; sourceTree = "<group>"; };
		4C17B92A2A02B59B00FA7FB3 /* MainEditorStack.swift */ = {isa = PBXFileReference; lastKnownFileType = sourcecode.swift; path = MainEditorStack.swift; sourceTree = "<group>"; };
		4C17B92C2A02B64C00FA7FB3 /* NavigationBarCircleButton.swift */ = {isa = PBXFileReference; lastKnownFileType = sourcecode.swift; path = NavigationBarCircleButton.swift; sourceTree = "<group>"; };
		4C389CA92A128C34003C015F /* String+Ext.swift */ = {isa = PBXFileReference; lastKnownFileType = sourcecode.swift; path = "String+Ext.swift"; sourceTree = "<group>"; };
		4C397F482A000CF8006F8D3C /* Wordy Word (UIKit).app */ = {isa = PBXFileReference; explicitFileType = wrapper.application; includeInIndex = 0; path = "Wordy Word (UIKit).app"; sourceTree = BUILT_PRODUCTS_DIR; };
		4C397F4B2A000CF8006F8D3C /* AppDelegate.swift */ = {isa = PBXFileReference; lastKnownFileType = sourcecode.swift; path = AppDelegate.swift; sourceTree = "<group>"; };
		4C397F4D2A000CF8006F8D3C /* SceneDelegate.swift */ = {isa = PBXFileReference; lastKnownFileType = sourcecode.swift; path = SceneDelegate.swift; sourceTree = "<group>"; };
		4C397F4F2A000CF8006F8D3C /* EditorViewController.swift */ = {isa = PBXFileReference; lastKnownFileType = sourcecode.swift; path = EditorViewController.swift; sourceTree = "<group>"; };
		4C397F542A000CFA006F8D3C /* Assets.xcassets */ = {isa = PBXFileReference; lastKnownFileType = folder.assetcatalog; path = Assets.xcassets; sourceTree = "<group>"; };
		4C397F592A000CFA006F8D3C /* Info.plist */ = {isa = PBXFileReference; lastKnownFileType = text.plist.xml; path = Info.plist; sourceTree = "<group>"; };
		4C6551E42A1695530059F92A /* PillButtonWithStroke.swift */ = {isa = PBXFileReference; lastKnownFileType = sourcecode.swift; path = PillButtonWithStroke.swift; sourceTree = "<group>"; };
		4C8474722A026FD7006F0930 /* EditorNavigationBar.swift */ = {isa = PBXFileReference; lastKnownFileType = sourcecode.swift; path = EditorNavigationBar.swift; sourceTree = "<group>"; };
		4C8474742A027016006F0930 /* NavigationBarLabel.swift */ = {isa = PBXFileReference; lastKnownFileType = sourcecode.swift; path = NavigationBarLabel.swift; sourceTree = "<group>"; };
		4CA67A152A25054300EACC02 /* EditorMenuItemCellCollectionViewCell.swift */ = {isa = PBXFileReference; lastKnownFileType = sourcecode.swift; path = EditorMenuItemCellCollectionViewCell.swift; sourceTree = "<group>"; };
		4CA67A182A4623F300EACC02 /* EditorStylePickerViewController.swift */ = {isa = PBXFileReference; lastKnownFileType = sourcecode.swift; path = EditorStylePickerViewController.swift; sourceTree = "<group>"; };
		4CABA4EC2A00111700442908 /* Poppins-Medium.ttf */ = {isa = PBXFileReference; lastKnownFileType = file; path = "Poppins-Medium.ttf"; sourceTree = "<group>"; };
		4CABA4ED2A00111700442908 /* Poppins-SemiBold.ttf */ = {isa = PBXFileReference; lastKnownFileType = file; path = "Poppins-SemiBold.ttf"; sourceTree = "<group>"; };
		4CABA4F62A00155E00442908 /* TextEditorCapsuleView.swift */ = {isa = PBXFileReference; fileEncoding = 4; lastKnownFileType = sourcecode.swift; path = TextEditorCapsuleView.swift; sourceTree = "<group>"; };
		4CABA4F92A00157200442908 /* PillLabelsWithStroke.swift */ = {isa = PBXFileReference; fileEncoding = 4; lastKnownFileType = sourcecode.swift; path = PillLabelsWithStroke.swift; sourceTree = "<group>"; };
		4CABA4FB2A00157200442908 /* ButtonAndLabelStack.swift */ = {isa = PBXFileReference; fileEncoding = 4; lastKnownFileType = sourcecode.swift; path = ButtonAndLabelStack.swift; sourceTree = "<group>"; };
		4CABA4FC2A00157200442908 /* EditorStackView.swift */ = {isa = PBXFileReference; fileEncoding = 4; lastKnownFileType = sourcecode.swift; path = EditorStackView.swift; sourceTree = "<group>"; };
		4CABA4FE2A00157200442908 /* EditorTextView.swift */ = {isa = PBXFileReference; fileEncoding = 4; lastKnownFileType = sourcecode.swift; path = EditorTextView.swift; sourceTree = "<group>"; };
		4CABA5002A00157200442908 /* PillButtonImageWithText.swift */ = {isa = PBXFileReference; fileEncoding = 4; lastKnownFileType = sourcecode.swift; path = PillButtonImageWithText.swift; sourceTree = "<group>"; };
		4CABA5082A0015A200442908 /* UIColor+Ext.swift */ = {isa = PBXFileReference; fileEncoding = 4; lastKnownFileType = sourcecode.swift; path = "UIColor+Ext.swift"; sourceTree = "<group>"; };
		4CBAB0762A1D187E00342EAC /* ReplaceTextfieldStack.swift */ = {isa = PBXFileReference; lastKnownFileType = sourcecode.swift; path = ReplaceTextfieldStack.swift; sourceTree = "<group>"; };
		4CBAB0792A1D1B9500342EAC /* PillTextfields.swift */ = {isa = PBXFileReference; lastKnownFileType = sourcecode.swift; path = PillTextfields.swift; sourceTree = "<group>"; };
		4CC56B4F2A056799006BE7C2 /* TextResultCapsuleView.swift */ = {isa = PBXFileReference; lastKnownFileType = sourcecode.swift; path = TextResultCapsuleView.swift; sourceTree = "<group>"; };
		4CC56B512A057224006BE7C2 /* ResultTextView.swift */ = {isa = PBXFileReference; lastKnownFileType = sourcecode.swift; path = ResultTextView.swift; sourceTree = "<group>"; };
		4CC56B542A081ADE006BE7C2 /* HistoryAndSettingsTabBar.swift */ = {isa = PBXFileReference; lastKnownFileType = sourcecode.swift; path = HistoryAndSettingsTabBar.swift; sourceTree = "<group>"; };
		4CC56B562A0C1A99006BE7C2 /* TabBarButton.swift */ = {isa = PBXFileReference; lastKnownFileType = sourcecode.swift; path = TabBarButton.swift; sourceTree = "<group>"; };
		4CF53A6F2A13ED6D0038E043 /* EditingStyleEnum.swift */ = {isa = PBXFileReference; lastKnownFileType = sourcecode.swift; path = EditingStyleEnum.swift; sourceTree = "<group>"; };
		4CF53A722A13EDAE0038E043 /* HistoryDataService.swift */ = {isa = PBXFileReference; lastKnownFileType = sourcecode.swift; path = HistoryDataService.swift; sourceTree = "<group>"; };
		4CF53A752A13EDD40038E043 /* HistoryItem.swift */ = {isa = PBXFileReference; lastKnownFileType = sourcecode.swift; path = HistoryItem.swift; sourceTree = "<group>"; };
		4CF53A772A13EE030038E043 /* Date+Ext.swift */ = {isa = PBXFileReference; lastKnownFileType = sourcecode.swift; path = "Date+Ext.swift"; sourceTree = "<group>"; };
/* End PBXFileReference section */

/* Begin PBXFrameworksBuildPhase section */
		4C397F452A000CF8006F8D3C /* Frameworks */ = {
			isa = PBXFrameworksBuildPhase;
			buildActionMask = 2147483647;
			files = (
			);
			runOnlyForDeploymentPostprocessing = 0;
		};
/* End PBXFrameworksBuildPhase section */

/* Begin PBXGroup section */
		1628BB4F2A5AFBFC004BDB93 /* History */ = {
			isa = PBXGroup;
			children = (
				1628BB502A5AFC07004BDB93 /* Controller */,
			);
			path = History;
			sourceTree = "<group>";
		};
		1628BB502A5AFC07004BDB93 /* Controller */ = {
			isa = PBXGroup;
			children = (
				1628BB512A5AFC33004BDB93 /* HistoryViewController.swift */,
			);
			path = Controller;
			sourceTree = "<group>";
		};
		4C1067692A168A6F00797AC9 /* Button */ = {
			isa = PBXGroup;
			children = (
				4C10676A2A168A9700797AC9 /* RemoveButtonStack.swift */,
			);
			path = Button;
			sourceTree = "<group>";
		};
		4C176EC92A0020C10024A791 /* Navigation Bar */ = {
			isa = PBXGroup;
			children = (
				4C8474722A026FD7006F0930 /* EditorNavigationBar.swift */,
			);
			path = "Navigation Bar";
			sourceTree = "<group>";
		};
		4C397F3F2A000CF8006F8D3C = {
			isa = PBXGroup;
			children = (
				4C397F4A2A000CF8006F8D3C /* Wordy Word (UIKit) */,
				4C397F492A000CF8006F8D3C /* Products */,
			);
			sourceTree = "<group>";
		};
		4C397F492A000CF8006F8D3C /* Products */ = {
			isa = PBXGroup;
			children = (
				4C397F482A000CF8006F8D3C /* Wordy Word (UIKit).app */,
			);
			name = Products;
			sourceTree = "<group>";
		};
		4C397F4A2A000CF8006F8D3C /* Wordy Word (UIKit) */ = {
			isa = PBXGroup;
			children = (
				4CF53A742A13EDB80038E043 /* Models */,
				4CF53A712A13EDA00038E043 /* Services */,
				4CABA5062A00158F00442908 /* Utilities */,
				4CABA4F02A00138D00442908 /* Screens */,
				4C397F5F2A000D6D006F8D3C /* Resources */,
				4C397F4B2A000CF8006F8D3C /* AppDelegate.swift */,
				4C397F4D2A000CF8006F8D3C /* SceneDelegate.swift */,
				4C397F542A000CFA006F8D3C /* Assets.xcassets */,
				4C397F592A000CFA006F8D3C /* Info.plist */,
			);
			path = "Wordy Word (UIKit)";
			sourceTree = "<group>";
		};
		4C397F5F2A000D6D006F8D3C /* Resources */ = {
			isa = PBXGroup;
			children = (
				4CABA4EB2A00111700442908 /* Fonts */,
			);
			path = Resources;
			sourceTree = "<group>";
		};
		4CA67A172A25054C00EACC02 /* Cell */ = {
			isa = PBXGroup;
			children = (
				4CA67A152A25054300EACC02 /* EditorMenuItemCellCollectionViewCell.swift */,
			);
			path = Cell;
			sourceTree = "<group>";
		};
		4CABA4EB2A00111700442908 /* Fonts */ = {
			isa = PBXGroup;
			children = (
				4CABA4EC2A00111700442908 /* Poppins-Medium.ttf */,
				4CABA4ED2A00111700442908 /* Poppins-SemiBold.ttf */,
			);
			path = Fonts;
			sourceTree = "<group>";
		};
		4CABA4F02A00138D00442908 /* Screens */ = {
			isa = PBXGroup;
			children = (
				1628BB4F2A5AFBFC004BDB93 /* History */,
				4CABA4F12A0013A900442908 /* Editor */,
			);
			path = Screens;
			sourceTree = "<group>";
		};
		4CABA4F12A0013A900442908 /* Editor */ = {
			isa = PBXGroup;
			children = (
				4CABA4F22A00141F00442908 /* Controller */,
				4CABA4F32A00142A00442908 /* Views */,
				4CABA4F42A00143100442908 /* Components */,
			);
			path = Editor;
			sourceTree = "<group>";
		};
		4CABA4F22A00141F00442908 /* Controller */ = {
			isa = PBXGroup;
			children = (
				4C397F4F2A000CF8006F8D3C /* EditorViewController.swift */,
				4CA67A182A4623F300EACC02 /* EditorStylePickerViewController.swift */,
			);
			path = Controller;
			sourceTree = "<group>";
		};
		4CABA4F32A00142A00442908 /* Views */ = {
			isa = PBXGroup;
			children = (
				4CA67A172A25054C00EACC02 /* Cell */,
				4CBAB0752A1D186000342EAC /* Textfield */,
				4C1067692A168A6F00797AC9 /* Button */,
				4CC56B532A081ABA006BE7C2 /* Tab Bar */,
				4C176EC92A0020C10024A791 /* Navigation Bar */,
				4CABA4F52A00155E00442908 /* Text Editor */,
			);
			path = Views;
			sourceTree = "<group>";
		};
		4CABA4F42A00143100442908 /* Components */ = {
			isa = PBXGroup;
			children = (
				4CBAB0782A1D1B6900342EAC /* Textfields */,
				4CABA4FF2A00157200442908 /* Buttons */,
				4CABA4F82A00157200442908 /* Labels */,
				4CABA4FA2A00157200442908 /* Stacks */,
				4CABA4FD2A00157200442908 /* TextViews */,
			);
			path = Components;
			sourceTree = "<group>";
		};
		4CABA4F52A00155E00442908 /* Text Editor */ = {
			isa = PBXGroup;
			children = (
				4CABA4F62A00155E00442908 /* TextEditorCapsuleView.swift */,
				4CC56B4F2A056799006BE7C2 /* TextResultCapsuleView.swift */,
			);
			path = "Text Editor";
			sourceTree = "<group>";
		};
		4CABA4F82A00157200442908 /* Labels */ = {
			isa = PBXGroup;
			children = (
				4CABA4F92A00157200442908 /* PillLabelsWithStroke.swift */,
				4C8474742A027016006F0930 /* NavigationBarLabel.swift */,
			);
			path = Labels;
			sourceTree = "<group>";
		};
		4CABA4FA2A00157200442908 /* Stacks */ = {
			isa = PBXGroup;
			children = (
				4CABA4FB2A00157200442908 /* ButtonAndLabelStack.swift */,
				4CABA4FC2A00157200442908 /* EditorStackView.swift */,
				4C17B92A2A02B59B00FA7FB3 /* MainEditorStack.swift */,
			);
			path = Stacks;
			sourceTree = "<group>";
		};
		4CABA4FD2A00157200442908 /* TextViews */ = {
			isa = PBXGroup;
			children = (
				4CABA4FE2A00157200442908 /* EditorTextView.swift */,
				4CC56B512A057224006BE7C2 /* ResultTextView.swift */,
			);
			path = TextViews;
			sourceTree = "<group>";
		};
		4CABA4FF2A00157200442908 /* Buttons */ = {
			isa = PBXGroup;
			children = (
				4CABA5002A00157200442908 /* PillButtonImageWithText.swift */,
				4C17B92C2A02B64C00FA7FB3 /* NavigationBarCircleButton.swift */,
				4CC56B562A0C1A99006BE7C2 /* TabBarButton.swift */,
				4C6551E42A1695530059F92A /* PillButtonWithStroke.swift */,
			);
			path = Buttons;
			sourceTree = "<group>";
		};
		4CABA5062A00158F00442908 /* Utilities */ = {
			isa = PBXGroup;
			children = (
				4CF53A6E2A13ED4C0038E043 /* Enums */,
				4CABA5072A0015A200442908 /* Extensions */,
			);
			path = Utilities;
			sourceTree = "<group>";
		};
		4CABA5072A0015A200442908 /* Extensions */ = {
			isa = PBXGroup;
			children = (
				4CABA5082A0015A200442908 /* UIColor+Ext.swift */,
				4C389CA92A128C34003C015F /* String+Ext.swift */,
				4CF53A772A13EE030038E043 /* Date+Ext.swift */,
			);
			path = Extensions;
			sourceTree = "<group>";
		};
		4CBAB0752A1D186000342EAC /* Textfield */ = {
			isa = PBXGroup;
			children = (
				4CBAB0762A1D187E00342EAC /* ReplaceTextfieldStack.swift */,
			);
			path = Textfield;
			sourceTree = "<group>";
		};
		4CBAB0782A1D1B6900342EAC /* Textfields */ = {
			isa = PBXGroup;
			children = (
				4CBAB0792A1D1B9500342EAC /* PillTextfields.swift */,
			);
			path = Textfields;
			sourceTree = "<group>";
		};
		4CC56B532A081ABA006BE7C2 /* Tab Bar */ = {
			isa = PBXGroup;
			children = (
				4CC56B542A081ADE006BE7C2 /* HistoryAndSettingsTabBar.swift */,
			);
			path = "Tab Bar";
			sourceTree = "<group>";
		};
		4CF53A6E2A13ED4C0038E043 /* Enums */ = {
			isa = PBXGroup;
			children = (
				4CF53A6F2A13ED6D0038E043 /* EditingStyleEnum.swift */,
			);
			path = Enums;
			sourceTree = "<group>";
		};
		4CF53A712A13EDA00038E043 /* Services */ = {
			isa = PBXGroup;
			children = (
				4CF53A722A13EDAE0038E043 /* HistoryDataService.swift */,
			);
			path = Services;
			sourceTree = "<group>";
		};
		4CF53A742A13EDB80038E043 /* Models */ = {
			isa = PBXGroup;
			children = (
				4CF53A752A13EDD40038E043 /* HistoryItem.swift */,
			);
			path = Models;
			sourceTree = "<group>";
		};
/* End PBXGroup section */

/* Begin PBXNativeTarget section */
		4C397F472A000CF8006F8D3C /* Wordy Word (UIKit) */ = {
			isa = PBXNativeTarget;
			buildConfigurationList = 4C397F5C2A000CFA006F8D3C /* Build configuration list for PBXNativeTarget "Wordy Word (UIKit)" */;
			buildPhases = (
				4C397F442A000CF8006F8D3C /* Sources */,
				4C397F452A000CF8006F8D3C /* Frameworks */,
				4C397F462A000CF8006F8D3C /* Resources */,
			);
			buildRules = (
			);
			dependencies = (
			);
			name = "Wordy Word (UIKit)";
			productName = "Wordy Word (UIKit)";
			productReference = 4C397F482A000CF8006F8D3C /* Wordy Word (UIKit).app */;
			productType = "com.apple.product-type.application";
		};
/* End PBXNativeTarget section */

/* Begin PBXProject section */
		4C397F402A000CF8006F8D3C /* Project object */ = {
			isa = PBXProject;
			attributes = {
				BuildIndependentTargetsInParallel = 1;
				LastSwiftUpdateCheck = 1430;
				LastUpgradeCheck = 1430;
				TargetAttributes = {
					4C397F472A000CF8006F8D3C = {
						CreatedOnToolsVersion = 14.3;
					};
				};
			};
			buildConfigurationList = 4C397F432A000CF8006F8D3C /* Build configuration list for PBXProject "Wordy Word (UIKit)" */;
			compatibilityVersion = "Xcode 14.0";
			developmentRegion = en;
			hasScannedForEncodings = 0;
			knownRegions = (
				en,
				Base,
			);
			mainGroup = 4C397F3F2A000CF8006F8D3C;
			productRefGroup = 4C397F492A000CF8006F8D3C /* Products */;
			projectDirPath = "";
			projectRoot = "";
			targets = (
				4C397F472A000CF8006F8D3C /* Wordy Word (UIKit) */,
			);
		};
/* End PBXProject section */

/* Begin PBXResourcesBuildPhase section */
		4C397F462A000CF8006F8D3C /* Resources */ = {
			isa = PBXResourcesBuildPhase;
			buildActionMask = 2147483647;
			files = (
				4CABA4EF2A00111700442908 /* Poppins-SemiBold.ttf in Resources */,
				4C397F552A000CFA006F8D3C /* Assets.xcassets in Resources */,
				4CABA4EE2A00111700442908 /* Poppins-Medium.ttf in Resources */,
			);
			runOnlyForDeploymentPostprocessing = 0;
		};
/* End PBXResourcesBuildPhase section */

/* Begin PBXSourcesBuildPhase section */
		4C397F442A000CF8006F8D3C /* Sources */ = {
			isa = PBXSourcesBuildPhase;
			buildActionMask = 2147483647;
			files = (
				4C8474752A027016006F0930 /* NavigationBarLabel.swift in Sources */,
				4CABA5032A00157200442908 /* EditorStackView.swift in Sources */,
				4CA67A162A25054300EACC02 /* EditorMenuItemCellCollectionViewCell.swift in Sources */,
				1628BB522A5AFC33004BDB93 /* HistoryViewController.swift in Sources */,
				4C10676B2A168A9700797AC9 /* RemoveButtonStack.swift in Sources */,
				4C17B92B2A02B59B00FA7FB3 /* MainEditorStack.swift in Sources */,
				4CF53A702A13ED6D0038E043 /* EditingStyleEnum.swift in Sources */,
				4CF53A782A13EE030038E043 /* Date+Ext.swift in Sources */,
				4C6551E52A1695530059F92A /* PillButtonWithStroke.swift in Sources */,
				4CBAB0772A1D187E00342EAC /* ReplaceTextfieldStack.swift in Sources */,
				4C397F502A000CF8006F8D3C /* EditorViewController.swift in Sources */,
				4CABA5012A00157200442908 /* PillLabelsWithStroke.swift in Sources */,
				4CC56B572A0C1A99006BE7C2 /* TabBarButton.swift in Sources */,
				4CC56B502A056799006BE7C2 /* TextResultCapsuleView.swift in Sources */,
				4C397F4C2A000CF8006F8D3C /* AppDelegate.swift in Sources */,
				4CABA5022A00157200442908 /* ButtonAndLabelStack.swift in Sources */,
				4CABA4F72A00155E00442908 /* TextEditorCapsuleView.swift in Sources */,
				4CABA5052A00157200442908 /* PillButtonImageWithText.swift in Sources */,
				4CABA5092A0015A200442908 /* UIColor+Ext.swift in Sources */,
				4CF53A732A13EDAE0038E043 /* HistoryDataService.swift in Sources */,
				4CABA5042A00157200442908 /* EditorTextView.swift in Sources */,
				4CF53A762A13EDD40038E043 /* HistoryItem.swift in Sources */,
				4CBAB07A2A1D1B9500342EAC /* PillTextfields.swift in Sources */,
				4C389CAA2A128C34003C015F /* String+Ext.swift in Sources */,
				4C17B92D2A02B64C00FA7FB3 /* NavigationBarCircleButton.swift in Sources */,
				4C8474732A026FD7006F0930 /* EditorNavigationBar.swift in Sources */,
				4CC56B552A081ADE006BE7C2 /* HistoryAndSettingsTabBar.swift in Sources */,
				4CA67A192A4623F300EACC02 /* EditorStylePickerViewController.swift in Sources */,
				4CC56B522A057224006BE7C2 /* ResultTextView.swift in Sources */,
				4C397F4E2A000CF8006F8D3C /* SceneDelegate.swift in Sources */,
			);
			runOnlyForDeploymentPostprocessing = 0;
		};
/* End PBXSourcesBuildPhase section */

/* Begin XCBuildConfiguration section */
		4C397F5A2A000CFA006F8D3C /* Debug */ = {
			isa = XCBuildConfiguration;
			buildSettings = {
				ALWAYS_SEARCH_USER_PATHS = NO;
				CLANG_ANALYZER_NONNULL = YES;
				CLANG_ANALYZER_NUMBER_OBJECT_CONVERSION = YES_AGGRESSIVE;
				CLANG_CXX_LANGUAGE_STANDARD = "gnu++20";
				CLANG_ENABLE_MODULES = YES;
				CLANG_ENABLE_OBJC_ARC = YES;
				CLANG_ENABLE_OBJC_WEAK = YES;
				CLANG_WARN_BLOCK_CAPTURE_AUTORELEASING = YES;
				CLANG_WARN_BOOL_CONVERSION = YES;
				CLANG_WARN_COMMA = YES;
				CLANG_WARN_CONSTANT_CONVERSION = YES;
				CLANG_WARN_DEPRECATED_OBJC_IMPLEMENTATIONS = YES;
				CLANG_WARN_DIRECT_OBJC_ISA_USAGE = YES_ERROR;
				CLANG_WARN_DOCUMENTATION_COMMENTS = YES;
				CLANG_WARN_EMPTY_BODY = YES;
				CLANG_WARN_ENUM_CONVERSION = YES;
				CLANG_WARN_INFINITE_RECURSION = YES;
				CLANG_WARN_INT_CONVERSION = YES;
				CLANG_WARN_NON_LITERAL_NULL_CONVERSION = YES;
				CLANG_WARN_OBJC_IMPLICIT_RETAIN_SELF = YES;
				CLANG_WARN_OBJC_LITERAL_CONVERSION = YES;
				CLANG_WARN_OBJC_ROOT_CLASS = YES_ERROR;
				CLANG_WARN_QUOTED_INCLUDE_IN_FRAMEWORK_HEADER = YES;
				CLANG_WARN_RANGE_LOOP_ANALYSIS = YES;
				CLANG_WARN_STRICT_PROTOTYPES = YES;
				CLANG_WARN_SUSPICIOUS_MOVE = YES;
				CLANG_WARN_UNGUARDED_AVAILABILITY = YES_AGGRESSIVE;
				CLANG_WARN_UNREACHABLE_CODE = YES;
				CLANG_WARN__DUPLICATE_METHOD_MATCH = YES;
				COPY_PHASE_STRIP = NO;
				DEBUG_INFORMATION_FORMAT = dwarf;
				ENABLE_STRICT_OBJC_MSGSEND = YES;
				ENABLE_TESTABILITY = YES;
				GCC_C_LANGUAGE_STANDARD = gnu11;
				GCC_DYNAMIC_NO_PIC = NO;
				GCC_NO_COMMON_BLOCKS = YES;
				GCC_OPTIMIZATION_LEVEL = 0;
				GCC_PREPROCESSOR_DEFINITIONS = (
					"DEBUG=1",
					"$(inherited)",
				);
				GCC_WARN_64_TO_32_BIT_CONVERSION = YES;
				GCC_WARN_ABOUT_RETURN_TYPE = YES_ERROR;
				GCC_WARN_UNDECLARED_SELECTOR = YES;
				GCC_WARN_UNINITIALIZED_AUTOS = YES_AGGRESSIVE;
				GCC_WARN_UNUSED_FUNCTION = YES;
				GCC_WARN_UNUSED_VARIABLE = YES;
				IPHONEOS_DEPLOYMENT_TARGET = 16.4;
				MTL_ENABLE_DEBUG_INFO = INCLUDE_SOURCE;
				MTL_FAST_MATH = YES;
				ONLY_ACTIVE_ARCH = YES;
				SDKROOT = iphoneos;
				SWIFT_ACTIVE_COMPILATION_CONDITIONS = DEBUG;
				SWIFT_OPTIMIZATION_LEVEL = "-Onone";
			};
			name = Debug;
		};
		4C397F5B2A000CFA006F8D3C /* Release */ = {
			isa = XCBuildConfiguration;
			buildSettings = {
				ALWAYS_SEARCH_USER_PATHS = NO;
				CLANG_ANALYZER_NONNULL = YES;
				CLANG_ANALYZER_NUMBER_OBJECT_CONVERSION = YES_AGGRESSIVE;
				CLANG_CXX_LANGUAGE_STANDARD = "gnu++20";
				CLANG_ENABLE_MODULES = YES;
				CLANG_ENABLE_OBJC_ARC = YES;
				CLANG_ENABLE_OBJC_WEAK = YES;
				CLANG_WARN_BLOCK_CAPTURE_AUTORELEASING = YES;
				CLANG_WARN_BOOL_CONVERSION = YES;
				CLANG_WARN_COMMA = YES;
				CLANG_WARN_CONSTANT_CONVERSION = YES;
				CLANG_WARN_DEPRECATED_OBJC_IMPLEMENTATIONS = YES;
				CLANG_WARN_DIRECT_OBJC_ISA_USAGE = YES_ERROR;
				CLANG_WARN_DOCUMENTATION_COMMENTS = YES;
				CLANG_WARN_EMPTY_BODY = YES;
				CLANG_WARN_ENUM_CONVERSION = YES;
				CLANG_WARN_INFINITE_RECURSION = YES;
				CLANG_WARN_INT_CONVERSION = YES;
				CLANG_WARN_NON_LITERAL_NULL_CONVERSION = YES;
				CLANG_WARN_OBJC_IMPLICIT_RETAIN_SELF = YES;
				CLANG_WARN_OBJC_LITERAL_CONVERSION = YES;
				CLANG_WARN_OBJC_ROOT_CLASS = YES_ERROR;
				CLANG_WARN_QUOTED_INCLUDE_IN_FRAMEWORK_HEADER = YES;
				CLANG_WARN_RANGE_LOOP_ANALYSIS = YES;
				CLANG_WARN_STRICT_PROTOTYPES = YES;
				CLANG_WARN_SUSPICIOUS_MOVE = YES;
				CLANG_WARN_UNGUARDED_AVAILABILITY = YES_AGGRESSIVE;
				CLANG_WARN_UNREACHABLE_CODE = YES;
				CLANG_WARN__DUPLICATE_METHOD_MATCH = YES;
				COPY_PHASE_STRIP = NO;
				DEBUG_INFORMATION_FORMAT = "dwarf-with-dsym";
				ENABLE_NS_ASSERTIONS = NO;
				ENABLE_STRICT_OBJC_MSGSEND = YES;
				GCC_C_LANGUAGE_STANDARD = gnu11;
				GCC_NO_COMMON_BLOCKS = YES;
				GCC_WARN_64_TO_32_BIT_CONVERSION = YES;
				GCC_WARN_ABOUT_RETURN_TYPE = YES_ERROR;
				GCC_WARN_UNDECLARED_SELECTOR = YES;
				GCC_WARN_UNINITIALIZED_AUTOS = YES_AGGRESSIVE;
				GCC_WARN_UNUSED_FUNCTION = YES;
				GCC_WARN_UNUSED_VARIABLE = YES;
				IPHONEOS_DEPLOYMENT_TARGET = 16.4;
				MTL_ENABLE_DEBUG_INFO = NO;
				MTL_FAST_MATH = YES;
				SDKROOT = iphoneos;
				SWIFT_COMPILATION_MODE = wholemodule;
				SWIFT_OPTIMIZATION_LEVEL = "-O";
				VALIDATE_PRODUCT = YES;
			};
			name = Release;
		};
		4C397F5D2A000CFA006F8D3C /* Debug */ = {
			isa = XCBuildConfiguration;
			buildSettings = {
				ASSETCATALOG_COMPILER_APPICON_NAME = AppIcon;
				ASSETCATALOG_COMPILER_GLOBAL_ACCENT_COLOR_NAME = AccentColor;
				CODE_SIGN_STYLE = Automatic;
				CURRENT_PROJECT_VERSION = 1;
				DEVELOPMENT_TEAM = KYXA735EC5;
				GENERATE_INFOPLIST_FILE = YES;
				INFOPLIST_FILE = "Wordy Word (UIKit)/Info.plist";
				INFOPLIST_KEY_UIApplicationSupportsIndirectInputEvents = YES;
				INFOPLIST_KEY_UILaunchStoryboardName = LaunchScreen;
				INFOPLIST_KEY_UISupportedInterfaceOrientations = UIInterfaceOrientationPortrait;
				INFOPLIST_KEY_UISupportedInterfaceOrientations_iPad = "UIInterfaceOrientationLandscapeLeft UIInterfaceOrientationLandscapeRight UIInterfaceOrientationPortrait UIInterfaceOrientationPortraitUpsideDown";
				IPHONEOS_DEPLOYMENT_TARGET = 15.0;
				LD_RUNPATH_SEARCH_PATHS = (
					"$(inherited)",
					"@executable_path/Frameworks",
				);
				MARKETING_VERSION = 0.0.1;
				PRODUCT_BUNDLE_IDENTIFIER = "app.mikecaesario.Wordy-Word--UIKit-";
				PRODUCT_NAME = "$(TARGET_NAME)";
				SUPPORTED_PLATFORMS = "iphoneos iphonesimulator";
				SUPPORTS_MACCATALYST = NO;
				SUPPORTS_MAC_DESIGNED_FOR_IPHONE_IPAD = NO;
				SWIFT_EMIT_LOC_STRINGS = YES;
				SWIFT_VERSION = 5.0;
				TARGETED_DEVICE_FAMILY = 1;
			};
			name = Debug;
		};
		4C397F5E2A000CFA006F8D3C /* Release */ = {
			isa = XCBuildConfiguration;
			buildSettings = {
				ASSETCATALOG_COMPILER_APPICON_NAME = AppIcon;
				ASSETCATALOG_COMPILER_GLOBAL_ACCENT_COLOR_NAME = AccentColor;
				CODE_SIGN_STYLE = Automatic;
				CURRENT_PROJECT_VERSION = 1;
				DEVELOPMENT_TEAM = KYXA735EC5;
				GENERATE_INFOPLIST_FILE = YES;
				INFOPLIST_FILE = "Wordy Word (UIKit)/Info.plist";
				INFOPLIST_KEY_UIApplicationSupportsIndirectInputEvents = YES;
				INFOPLIST_KEY_UILaunchStoryboardName = LaunchScreen;
				INFOPLIST_KEY_UISupportedInterfaceOrientations = UIInterfaceOrientationPortrait;
				INFOPLIST_KEY_UISupportedInterfaceOrientations_iPad = "UIInterfaceOrientationLandscapeLeft UIInterfaceOrientationLandscapeRight UIInterfaceOrientationPortrait UIInterfaceOrientationPortraitUpsideDown";
				IPHONEOS_DEPLOYMENT_TARGET = 15.0;
				LD_RUNPATH_SEARCH_PATHS = (
					"$(inherited)",
					"@executable_path/Frameworks",
				);
				MARKETING_VERSION = 0.0.1;
				PRODUCT_BUNDLE_IDENTIFIER = "app.mikecaesario.Wordy-Word--UIKit-";
				PRODUCT_NAME = "$(TARGET_NAME)";
				SUPPORTED_PLATFORMS = "iphoneos iphonesimulator";
				SUPPORTS_MACCATALYST = NO;
				SUPPORTS_MAC_DESIGNED_FOR_IPHONE_IPAD = NO;
				SWIFT_EMIT_LOC_STRINGS = YES;
				SWIFT_VERSION = 5.0;
				TARGETED_DEVICE_FAMILY = 1;
			};
			name = Release;
		};
/* End XCBuildConfiguration section */

/* Begin XCConfigurationList section */
		4C397F432A000CF8006F8D3C /* Build configuration list for PBXProject "Wordy Word (UIKit)" */ = {
			isa = XCConfigurationList;
			buildConfigurations = (
				4C397F5A2A000CFA006F8D3C /* Debug */,
				4C397F5B2A000CFA006F8D3C /* Release */,
			);
			defaultConfigurationIsVisible = 0;
			defaultConfigurationName = Release;
		};
		4C397F5C2A000CFA006F8D3C /* Build configuration list for PBXNativeTarget "Wordy Word (UIKit)" */ = {
			isa = XCConfigurationList;
			buildConfigurations = (
				4C397F5D2A000CFA006F8D3C /* Debug */,
				4C397F5E2A000CFA006F8D3C /* Release */,
			);
			defaultConfigurationIsVisible = 0;
			defaultConfigurationName = Release;
		};
/* End XCConfigurationList section */
	};
	rootObject = 4C397F402A000CF8006F8D3C /* Project object */;
}
